Microsoft Visual Studio Solution File, Format Version 11.00
# Visual Studio 2008

Project("{9ACAFFAE-2593-F74A-361B-586A9C01FEAF}") = "OctoSwim", "Assembly-CSharp.csproj", "{ED71FAEE-3220-B3FA-D9A5-C62CFA24A214}"
EndProject
Project("{9ACAFFAE-2593-F74A-361B-586A9C01FEAF}") = "OctoSwim", "Assembly-CSharp-Editor-firstpass.csproj", "{7FCEE0E7-D8B4-DA3B-0186-D9399433A1C2}"
EndProject
Global
	GlobalSection(SolutionConfigurationPlatforms) = preSolution
		Debug|Any CPU = Debug|Any CPU
		Release|Any CPU = Release|Any CPU
	EndGlobalSection
	GlobalSection(ProjectConfigurationPlatforms) = postSolution
		{ED71FAEE-3220-B3FA-D9A5-C62CFA24A214}.Debug|Any CPU.ActiveCfg = Debug|Any CPU
		{ED71FAEE-3220-B3FA-D9A5-C62CFA24A214}.Debug|Any CPU.Build.0 = Debug|Any CPU
		{ED71FAEE-3220-B3FA-D9A5-C62CFA24A214}.Release|Any CPU.ActiveCfg = Release|Any CPU
		{ED71FAEE-3220-B3FA-D9A5-C62CFA24A214}.Release|Any CPU.Build.0 = Release|Any CPU
		{7FCEE0E7-D8B4-DA3B-0186-D9399433A1C2}.Debug|Any CPU.ActiveCfg = Debug|Any CPU
		{7FCEE0E7-D8B4-DA3B-0186-D9399433A1C2}.Debug|Any CPU.Build.0 = Debug|Any CPU
		{7FCEE0E7-D8B4-DA3B-0186-D9399433A1C2}.Release|Any CPU.ActiveCfg = Release|Any CPU
		{7FCEE0E7-D8B4-DA3B-0186-D9399433A1C2}.Release|Any CPU.Build.0 = Release|Any CPU
	EndGlobalSection
	GlobalSection(SolutionProperties) = preSolution
		HideSolutionNode = FALSE
	EndGlobalSection
	GlobalSection(MonoDevelopProperties) = preSolution
		StartupItem = Assembly-CSharp.csproj
	EndGlobalSection
EndGlobal
